
Microsoft Visual Studio Solution File, Format Version 12.00
# Visual Studio Version 17
VisualStudioVersion = 17.6.33815.320
MinimumVisualStudioVersion = 10.0.40219.1
Project("{FAE04EC0-301F-11D3-BF4B-00C04F79EFBC}") = "HelloWorld", "HelloWorld.csproj", "{836E6292-CAF0-4CA4-95F9-358CB8B2FDE4}"
EndProject
Global
	GlobalSection(SolutionConfigurationPlatforms) = preSolution
		Debug|Any CPU = Debug|Any CPU
		Release|Any CPU = Release|Any CPU
	EndGlobalSection
	GlobalSection(ProjectConfigurationPlatforms) = postSolution
		{836E6292-CAF0-4CA4-95F9-358CB8B2FDE4}.Debug|Any CPU.ActiveCfg = Debug|Any CPU
		{836E6292-CAF0-4CA4-95F9-358CB8B2FDE4}.Debug|Any CPU.Build.0 = Debug|Any CPU
		{836E6292-CAF0-4CA4-95F9-358CB8B2FDE4}.Release|Any CPU.ActiveCfg = Release|Any CPU
		{836E6292-CAF0-4CA4-95F9-358CB8B2FDE4}.Release|Any CPU.Build.0 = Release|Any CPU
	EndGlobalSection
	GlobalSection(SolutionProperties) = preSolution
		HideSolutionNode = FALSE
	EndGlobalSection
	GlobalSection(ExtensibilityGlobals) = postSolution
		SolutionGuid = {BAFB2AE6-2E84-4E7A-910B-643D618D1F72}
	EndGlobalSection
EndGlobal
